
Microsoft Visual Studio Solution File, Format Version 12.00
# Visual Studio 15
VisualStudioVersion = 15.0.26124.0
MinimumVisualStudioVersion = 15.0.26124.0
Project("{FAE04EC0-301F-11D3-BF4B-00C04F79EFBC}") = "EdStore.Api", "EdStore.Api\EdStore.Api.csproj", "{371DC836-6D1F-45FD-8DA2-D163A4115777}"
EndProject
Project("{FAE04EC0-301F-11D3-BF4B-00C04F79EFBC}") = "Edstore.domain", "EdStore.Domain\Edstore.domain.csproj", "{6698A27C-626D-4B85-8A04-B10AD681F5EA}"
EndProject
Project("{FAE04EC0-301F-11D3-BF4B-00C04F79EFBC}") = "EdStore.Infra", "EdStore.Infra\EdStore.Infra.csproj", "{6F31C726-A863-444D-AE43-72C4AF160015}"
EndProject
Project("{FAE04EC0-301F-11D3-BF4B-00C04F79EFBC}") = "EdStore.Shared", "EdStore.Shared\EdStore.Shared.csproj", "{6FFF953F-C52F-4054-8269-999869F6FBD5}"
EndProject
Project("{FAE04EC0-301F-11D3-BF4B-00C04F79EFBC}") = "EdStore.Tests", "EdStore.Tests\EdStore.Tests.csproj", "{38532EBB-EE12-4794-A9C6-167ED9EB1B6C}"
EndProject
Global
	GlobalSection(SolutionConfigurationPlatforms) = preSolution
		Debug|Any CPU = Debug|Any CPU
		Debug|x64 = Debug|x64
		Debug|x86 = Debug|x86
		Release|Any CPU = Release|Any CPU
		Release|x64 = Release|x64
		Release|x86 = Release|x86
	EndGlobalSection
	GlobalSection(SolutionProperties) = preSolution
		HideSolutionNode = FALSE
	EndGlobalSection
	GlobalSection(ProjectConfigurationPlatforms) = postSolution
		{371DC836-6D1F-45FD-8DA2-D163A4115777}.Debug|Any CPU.ActiveCfg = Debug|Any CPU
		{371DC836-6D1F-45FD-8DA2-D163A4115777}.Debug|Any CPU.Build.0 = Debug|Any CPU
		{371DC836-6D1F-45FD-8DA2-D163A4115777}.Debug|x64.ActiveCfg = Debug|Any CPU
		{371DC836-6D1F-45FD-8DA2-D163A4115777}.Debug|x64.Build.0 = Debug|Any CPU
		{371DC836-6D1F-45FD-8DA2-D163A4115777}.Debug|x86.ActiveCfg = Debug|Any CPU
		{371DC836-6D1F-45FD-8DA2-D163A4115777}.Debug|x86.Build.0 = Debug|Any CPU
		{371DC836-6D1F-45FD-8DA2-D163A4115777}.Release|Any CPU.ActiveCfg = Release|Any CPU
		{371DC836-6D1F-45FD-8DA2-D163A4115777}.Release|Any CPU.Build.0 = Release|Any CPU
		{371DC836-6D1F-45FD-8DA2-D163A4115777}.Release|x64.ActiveCfg = Release|Any CPU
		{371DC836-6D1F-45FD-8DA2-D163A4115777}.Release|x64.Build.0 = Release|Any CPU
		{371DC836-6D1F-45FD-8DA2-D163A4115777}.Release|x86.ActiveCfg = Release|Any CPU
		{371DC836-6D1F-45FD-8DA2-D163A4115777}.Release|x86.Build.0 = Release|Any CPU
		{6698A27C-626D-4B85-8A04-B10AD681F5EA}.Debug|Any CPU.ActiveCfg = Debug|Any CPU
		{6698A27C-626D-4B85-8A04-B10AD681F5EA}.Debug|Any CPU.Build.0 = Debug|Any CPU
		{6698A27C-626D-4B85-8A04-B10AD681F5EA}.Debug|x64.ActiveCfg = Debug|Any CPU
		{6698A27C-626D-4B85-8A04-B10AD681F5EA}.Debug|x64.Build.0 = Debug|Any CPU
		{6698A27C-626D-4B85-8A04-B10AD681F5EA}.Debug|x86.ActiveCfg = Debug|Any CPU
		{6698A27C-626D-4B85-8A04-B10AD681F5EA}.Debug|x86.Build.0 = Debug|Any CPU
		{6698A27C-626D-4B85-8A04-B10AD681F5EA}.Release|Any CPU.ActiveCfg = Release|Any CPU
		{6698A27C-626D-4B85-8A04-B10AD681F5EA}.Release|Any CPU.Build.0 = Release|Any CPU
		{6698A27C-626D-4B85-8A04-B10AD681F5EA}.Release|x64.ActiveCfg = Release|Any CPU
		{6698A27C-626D-4B85-8A04-B10AD681F5EA}.Release|x64.Build.0 = Release|Any CPU
		{6698A27C-626D-4B85-8A04-B10AD681F5EA}.Release|x86.ActiveCfg = Release|Any CPU
		{6698A27C-626D-4B85-8A04-B10AD681F5EA}.Release|x86.Build.0 = Release|Any CPU
		{6F31C726-A863-444D-AE43-72C4AF160015}.Debug|Any CPU.ActiveCfg = Debug|Any CPU
		{6F31C726-A863-444D-AE43-72C4AF160015}.Debug|Any CPU.Build.0 = Debug|Any CPU
		{6F31C726-A863-444D-AE43-72C4AF160015}.Debug|x64.ActiveCfg = Debug|Any CPU
		{6F31C726-A863-444D-AE43-72C4AF160015}.Debug|x64.Build.0 = Debug|Any CPU
		{6F31C726-A863-444D-AE43-72C4AF160015}.Debug|x86.ActiveCfg = Debug|Any CPU
		{6F31C726-A863-444D-AE43-72C4AF160015}.Debug|x86.Build.0 = Debug|Any CPU
		{6F31C726-A863-444D-AE43-72C4AF160015}.Release|Any CPU.ActiveCfg = Release|Any CPU
		{6F31C726-A863-444D-AE43-72C4AF160015}.Release|Any CPU.Build.0 = Release|Any CPU
		{6F31C726-A863-444D-AE43-72C4AF160015}.Release|x64.ActiveCfg = Release|Any CPU
		{6F31C726-A863-444D-AE43-72C4AF160015}.Release|x64.Build.0 = Release|Any CPU
		{6F31C726-A863-444D-AE43-72C4AF160015}.Release|x86.ActiveCfg = Release|Any CPU
		{6F31C726-A863-444D-AE43-72C4AF160015}.Release|x86.Build.0 = Release|Any CPU
		{6FFF953F-C52F-4054-8269-999869F6FBD5}.Debug|Any CPU.ActiveCfg = Debug|Any CPU
		{6FFF953F-C52F-4054-8269-999869F6FBD5}.Debug|Any CPU.Build.0 = Debug|Any CPU
		{6FFF953F-C52F-4054-8269-999869F6FBD5}.Debug|x64.ActiveCfg = Debug|Any CPU
		{6FFF953F-C52F-4054-8269-999869F6FBD5}.Debug|x64.Build.0 = Debug|Any CPU
		{6FFF953F-C52F-4054-8269-999869F6FBD5}.Debug|x86.ActiveCfg = Debug|Any CPU
		{6FFF953F-C52F-4054-8269-999869F6FBD5}.Debug|x86.Build.0 = Debug|Any CPU
		{6FFF953F-C52F-4054-8269-999869F6FBD5}.Release|Any CPU.ActiveCfg = Release|Any CPU
		{6FFF953F-C52F-4054-8269-999869F6FBD5}.Release|Any CPU.Build.0 = Release|Any CPU
		{6FFF953F-C52F-4054-8269-999869F6FBD5}.Release|x64.ActiveCfg = Release|Any CPU
		{6FFF953F-C52F-4054-8269-999869F6FBD5}.Release|x64.Build.0 = Release|Any CPU
		{6FFF953F-C52F-4054-8269-999869F6FBD5}.Release|x86.ActiveCfg = Release|Any CPU
		{6FFF953F-C52F-4054-8269-999869F6FBD5}.Release|x86.Build.0 = Release|Any CPU
		{38532EBB-EE12-4794-A9C6-167ED9EB1B6C}.Debug|Any CPU.ActiveCfg = Debug|Any CPU
		{38532EBB-EE12-4794-A9C6-167ED9EB1B6C}.Debug|Any CPU.Build.0 = Debug|Any CPU
		{38532EBB-EE12-4794-A9C6-167ED9EB1B6C}.Debug|x64.ActiveCfg = Debug|Any CPU
		{38532EBB-EE12-4794-A9C6-167ED9EB1B6C}.Debug|x64.Build.0 = Debug|Any CPU
		{38532EBB-EE12-4794-A9C6-167ED9EB1B6C}.Debug|x86.ActiveCfg = Debug|Any CPU
		{38532EBB-EE12-4794-A9C6-167ED9EB1B6C}.Debug|x86.Build.0 = Debug|Any CPU
		{38532EBB-EE12-4794-A9C6-167ED9EB1B6C}.Release|Any CPU.ActiveCfg = Release|Any CPU
		{38532EBB-EE12-4794-A9C6-167ED9EB1B6C}.Release|Any CPU.Build.0 = Release|Any CPU
		{38532EBB-EE12-4794-A9C6-167ED9EB1B6C}.Release|x64.ActiveCfg = Release|Any CPU
		{38532EBB-EE12-4794-A9C6-167ED9EB1B6C}.Release|x64.Build.0 = Release|Any CPU
		{38532EBB-EE12-4794-A9C6-167ED9EB1B6C}.Release|x86.ActiveCfg = Release|Any CPU
		{38532EBB-EE12-4794-A9C6-167ED9EB1B6C}.Release|x86.Build.0 = Release|Any CPU
	EndGlobalSection
EndGlobal
